
Microsoft Visual Studio Solution File, Format Version 12.00
# Visual Studio Version 16
VisualStudioVersion = 16.0.30114.105
MinimumVisualStudioVersion = 10.0.40219.1
Project("{FAE04EC0-301F-11D3-BF4B-00C04F79EFBC}") = "SuperPC", "SuperPC\SuperPC.csproj", "{0E4C89D6-8B94-45C3-8667-5C5EDB040ADA}"
EndProject
Global
	GlobalSection(SolutionConfigurationPlatforms) = preSolution
		Debug|Any CPU = Debug|Any CPU
		Release|Any CPU = Release|Any CPU
	EndGlobalSection
	GlobalSection(ProjectConfigurationPlatforms) = postSolution
		{0E4C89D6-8B94-45C3-8667-5C5EDB040ADA}.Debug|Any CPU.ActiveCfg = Debug|Any CPU
		{0E4C89D6-8B94-45C3-8667-5C5EDB040ADA}.Debug|Any CPU.Build.0 = Debug|Any CPU
		{0E4C89D6-8B94-45C3-8667-5C5EDB040ADA}.Release|Any CPU.ActiveCfg = Release|Any CPU
		{0E4C89D6-8B94-45C3-8667-5C5EDB040ADA}.Release|Any CPU.Build.0 = Release|Any CPU
	EndGlobalSection
	GlobalSection(SolutionProperties) = preSolution
		HideSolutionNode = FALSE
	EndGlobalSection
	GlobalSection(ExtensibilityGlobals) = postSolution
		SolutionGuid = {D0FC42A3-F907-4A26-8942-3D2C5F99B93F}
	EndGlobalSection
EndGlobal
